
Microsoft Visual Studio Solution File, Format Version 12.00
# Visual Studio 15
VisualStudioVersion = 15.0.28010.2016
MinimumVisualStudioVersion = 10.0.40219.1
Project("{FAE04EC0-301F-11D3-BF4B-00C04F79EFBC}") = "ATM", "ATM\ATM.csproj", "{6F3F0E1E-A0FB-4C6F-AE89-4CCB47E2EED0}"
EndProject
Project("{FAE04EC0-301F-11D3-BF4B-00C04F79EFBC}") = "ATM.Tests", "ATM.Tests\ATM.Tests.csproj", "{994E7BEE-29C6-4F36-B601-D0F80DD21C6E}"
EndProject
Global
	GlobalSection(SolutionConfigurationPlatforms) = preSolution
		Debug|Any CPU = Debug|Any CPU
		Release|Any CPU = Release|Any CPU
	EndGlobalSection
	GlobalSection(ProjectConfigurationPlatforms) = postSolution
		{6F3F0E1E-A0FB-4C6F-AE89-4CCB47E2EED0}.Debug|Any CPU.ActiveCfg = Debug|Any CPU
		{6F3F0E1E-A0FB-4C6F-AE89-4CCB47E2EED0}.Debug|Any CPU.Build.0 = Debug|Any CPU
		{6F3F0E1E-A0FB-4C6F-AE89-4CCB47E2EED0}.Release|Any CPU.ActiveCfg = Release|Any CPU
		{6F3F0E1E-A0FB-4C6F-AE89-4CCB47E2EED0}.Release|Any CPU.Build.0 = Release|Any CPU
		{994E7BEE-29C6-4F36-B601-D0F80DD21C6E}.Debug|Any CPU.ActiveCfg = Debug|Any CPU
		{994E7BEE-29C6-4F36-B601-D0F80DD21C6E}.Debug|Any CPU.Build.0 = Debug|Any CPU
		{994E7BEE-29C6-4F36-B601-D0F80DD21C6E}.Release|Any CPU.ActiveCfg = Release|Any CPU
		{994E7BEE-29C6-4F36-B601-D0F80DD21C6E}.Release|Any CPU.Build.0 = Release|Any CPU
	EndGlobalSection
	GlobalSection(SolutionProperties) = preSolution
		HideSolutionNode = FALSE
	EndGlobalSection
	GlobalSection(ExtensibilityGlobals) = postSolution
		SolutionGuid = {1AAED49F-7CE2-4735-A36A-F69BCE770551}
	EndGlobalSection
EndGlobal
